
Microsoft Visual Studio Solution File, Format Version 12.00
# Visual Studio Version 16
VisualStudioVersion = 16.0.30011.22
MinimumVisualStudioVersion = 10.0.40219.1
Project("{FAE04EC0-301F-11D3-BF4B-00C04F79EFBC}") = "Pluralsight.AspNetDemo", "Pluralsight.AspNetDemo\Pluralsight.AspNetDemo.csproj", "{C891F15B-4895-4971-9F02-C118042573A2}"
EndProject
Global
	GlobalSection(SolutionConfigurationPlatforms) = preSolution
		Debug|Any CPU = Debug|Any CPU
		Release|Any CPU = Release|Any CPU
	EndGlobalSection
	GlobalSection(ProjectConfigurationPlatforms) = postSolution
		{C891F15B-4895-4971-9F02-C118042573A2}.Debug|Any CPU.ActiveCfg = Debug|Any CPU
		{C891F15B-4895-4971-9F02-C118042573A2}.Debug|Any CPU.Build.0 = Debug|Any CPU
		{C891F15B-4895-4971-9F02-C118042573A2}.Release|Any CPU.ActiveCfg = Release|Any CPU
		{C891F15B-4895-4971-9F02-C118042573A2}.Release|Any CPU.Build.0 = Release|Any CPU
	EndGlobalSection
	GlobalSection(SolutionProperties) = preSolution
		HideSolutionNode = FALSE
	EndGlobalSection
	GlobalSection(ExtensibilityGlobals) = postSolution
		SolutionGuid = {8BF94135-0014-4547-B091-D7A080F9F40F}
	EndGlobalSection
EndGlobal
